// !$*UTF8*$!
{
	archiveVersion = 1;
	classes = {
	};
	objectVersion = 48;
	objects = {

/* Begin PBXBuildFile section */
		12AF552623581FF700E2B814 /* AppDelegate.swift in Sources */ = {isa = PBXBuildFile; fileRef = 12AF552523581FF700E2B814 /* AppDelegate.swift */; };
		12AF552823581FF800E2B814 /* ViewController.swift in Sources */ = {isa = PBXBuildFile; fileRef = 12AF552723581FF800E2B814 /* ViewController.swift */; };
		12AF552B23581FF800E2B814 /* Main.storyboard in Resources */ = {isa = PBXBuildFile; fileRef = 12AF552923581FF800E2B814 /* Main.storyboard */; };
		12AF552E23581FF800E2B814 /* MyStoreApp2.xcdatamodeld in Sources */ = {isa = PBXBuildFile; fileRef = 12AF552C23581FF800E2B814 /* MyStoreApp2.xcdatamodeld */; };
		12AF553023581FF800E2B814 /* Assets.xcassets in Resources */ = {isa = PBXBuildFile; fileRef = 12AF552F23581FF800E2B814 /* Assets.xcassets */; };
		12AF553323581FF800E2B814 /* LaunchScreen.storyboard in Resources */ = {isa = PBXBuildFile; fileRef = 12AF553123581FF800E2B814 /* LaunchScreen.storyboard */; };
/* End PBXBuildFile section */

/* Begin PBXFileReference section */
		12AF552223581FF700E2B814 /* MyStoreApp2.app */ = {isa = PBXFileReference; explicitFileType = wrapper.application; includeInIndex = 0; path = MyStoreApp2.app; sourceTree = BUILT_PRODUCTS_DIR; };
		12AF552523581FF700E2B814 /* AppDelegate.swift */ = {isa = PBXFileReference; lastKnownFileType = sourcecode.swift; path = AppDelegate.swift; sourceTree = "<group>"; };
		12AF552723581FF800E2B814 /* ViewController.swift */ = {isa = PBXFileReference; lastKnownFileType = sourcecode.swift; path = ViewController.swift; sourceTree = "<group>"; };
		12AF552A23581FF800E2B814 /* Base */ = {isa = PBXFileReference; lastKnownFileType = file.storyboard; name = Base; path = Base.lproj/Main.storyboard; sourceTree = "<group>"; };
		12AF552D23581FF800E2B814 /* MyStoreApp2.xcdatamodel */ = {isa = PBXFileReference; lastKnownFileType = wrapper.xcdatamodel; path = MyStoreApp2.xcdatamodel; sourceTree = "<group>"; };
		12AF552F23581FF800E2B814 /* Assets.xcassets */ = {isa = PBXFileReference; lastKnownFileType = folder.assetcatalog; path = Assets.xcassets; sourceTree = "<group>"; };
		12AF553223581FF800E2B814 /* Base */ = {isa = PBXFileReference; lastKnownFileType = file.storyboard; name = Base; path = Base.lproj/LaunchScreen.storyboard; sourceTree = "<group>"; };
		12AF553423581FF800E2B814 /* Info.plist */ = {isa = PBXFileReference; lastKnownFileType = text.plist.xml; path = Info.plist; sourceTree = "<group>"; };
/* End PBXFileReference section */

/* Begin PBXFrameworksBuildPhase section */
		12AF551F23581FF700E2B814 /* Frameworks */ = {
			isa = PBXFrameworksBuildPhase;
			buildActionMask = 2147483647;
			files = (
			);
			runOnlyForDeploymentPostprocessing = 0;
		};
/* End PBXFrameworksBuildPhase section */

/* Begin PBXGroup section */
		12AF551923581FF700E2B814 = {
			isa = PBXGroup;
			children = (
				12AF552423581FF700E2B814 /* MyStoreApp2 */,
				12AF552323581FF700E2B814 /* Products */,
			);
			sourceTree = "<group>";
		};
		12AF552323581FF700E2B814 /* Products */ = {
			isa = PBXGroup;
			children = (
				12AF552223581FF700E2B814 /* MyStoreApp2.app */,
			);
			name = Products;
			sourceTree = "<group>";
		};
		12AF552423581FF700E2B814 /* MyStoreApp2 */ = {
			isa = PBXGroup;
			children = (
				12AF552523581FF700E2B814 /* AppDelegate.swift */,
				12AF552723581FF800E2B814 /* ViewController.swift */,
				12AF552923581FF800E2B814 /* Main.storyboard */,
				12AF552F23581FF800E2B814 /* Assets.xcassets */,
				12AF553123581FF800E2B814 /* LaunchScreen.storyboard */,
				12AF553423581FF800E2B814 /* Info.plist */,
				12AF552C23581FF800E2B814 /* MyStoreApp2.xcdatamodeld */,
			);
			path = MyStoreApp2;
			sourceTree = "<group>";
		};
/* End PBXGroup section */

/* Begin PBXNativeTarget section */
		12AF552123581FF700E2B814 /* MyStoreApp2 */ = {
			isa = PBXNativeTarget;
			buildConfigurationList = 12AF553723581FF800E2B814 /* Build configuration list for PBXNativeTarget "MyStoreApp2" */;
			buildPhases = (
				12AF551E23581FF700E2B814 /* Sources */,
				12AF551F23581FF700E2B814 /* Frameworks */,
				12AF552023581FF700E2B814 /* Resources */,
			);
			buildRules = (
			);
			dependencies = (
			);
			name = MyStoreApp2;
			productName = MyStoreApp2;
			productReference = 12AF552223581FF700E2B814 /* MyStoreApp2.app */;
			productType = "com.apple.product-type.application";
		};
/* End PBXNativeTarget section */

/* Begin PBXProject section */
		12AF551A23581FF700E2B814 /* Project object */ = {
			isa = PBXProject;
			attributes = {
				LastSwiftUpdateCheck = 0920;
				LastUpgradeCheck = 0920;
				ORGANIZATIONNAME = "Trinidad Garcia";
				TargetAttributes = {
					12AF552123581FF700E2B814 = {
						CreatedOnToolsVersion = 9.2;
						ProvisioningStyle = Automatic;
					};
				};
			};
			buildConfigurationList = 12AF551D23581FF700E2B814 /* Build configuration list for PBXProject "MyStoreApp2" */;
			compatibilityVersion = "Xcode 8.0";
			developmentRegion = en;
			hasScannedForEncodings = 0;
			knownRegions = (
				en,
				Base,
			);
			mainGroup = 12AF551923581FF700E2B814;
			productRefGroup = 12AF552323581FF700E2B814 /* Products */;
			projectDirPath = "";
			projectRoot = "";
			targets = (
				12AF552123581FF700E2B814 /* MyStoreApp2 */,
			);
		};
/* End PBXProject section */

/* Begin PBXResourcesBuildPhase section */
		12AF552023581FF700E2B814 /* Resources */ = {
			isa = PBXResourcesBuildPhase;
			buildActionMask = 2147483647;
			files = (
				12AF553323581FF800E2B814 /* LaunchScreen.storyboard in Resources */,
				12AF553023581FF800E2B814 /* Assets.xcassets in Resources */,
				12AF552B23581FF800E2B814 /* Main.storyboard in Resources */,
			);
			runOnlyForDeploymentPostprocessing = 0;
		};
/* End PBXResourcesBuildPhase section */

/* Begin PBXSourcesBuildPhase section */
		12AF551E23581FF700E2B814 /* Sources */ = {
			isa = PBXSourcesBuildPhase;
			buildActionMask = 2147483647;
			files = (
				12AF552E23581FF800E2B814 /* MyStoreApp2.xcdatamodeld in Sources */,
				12AF552823581FF800E2B814 /* ViewController.swift in Sources */,
				12AF552623581FF700E2B814 /* AppDelegate.swift in Sources */,
			);
			runOnlyForDeploymentPostprocessing = 0;
		};
/* End PBXSourcesBuildPhase section */

/* Begin PBXVariantGroup section */
		12AF552923581FF800E2B814 /* Main.storyboard */ = {
			isa = PBXVariantGroup;
			children = (
				12AF552A23581FF800E2B814 /* Base */,
			);
			name = Main.storyboard;
			sourceTree = "<group>";
		};
		12AF553123581FF800E2B814 /* LaunchScreen.storyboard */ = {
			isa = PBXVariantGroup;
			children = (
				12AF553223581FF800E2B814 /* Base */,
			);
			name = LaunchScreen.storyboard;
			sourceTree = "<group>";
		};
/* End PBXVariantGroup section */

/* Begin XCBuildConfiguration section */
		12AF553523581FF800E2B814 /* Debug */ = {
			isa = XCBuildConfiguration;
			buildSettings = {
				ALWAYS_SEARCH_USER_PATHS = NO;
				CLANG_ANALYZER_NONNULL = YES;
				CLANG_ANALYZER_NUMBER_OBJECT_CONVERSION = YES_AGGRESSIVE;
				CLANG_CXX_LANGUAGE_STANDARD = "gnu++14";
				CLANG_CXX_LIBRARY = "libc++";
				CLANG_ENABLE_MODULES = YES;
				CLANG_ENABLE_OBJC_ARC = YES;
				CLANG_WARN_BLOCK_CAPTURE_AUTORELEASING = YES;
				CLANG_WARN_BOOL_CONVERSION = YES;
				CLANG_WARN_COMMA = YES;
				CLANG_WARN_CONSTANT_CONVERSION = YES;
				CLANG_WARN_DIRECT_OBJC_ISA_USAGE = YES_ERROR;
				CLANG_WARN_DOCUMENTATION_COMMENTS = YES;
				CLANG_WARN_EMPTY_BODY = YES;
				CLANG_WARN_ENUM_CONVERSION = YES;
				CLANG_WARN_INFINITE_RECURSION = YES;
				CLANG_WARN_INT_CONVERSION = YES;
				CLANG_WARN_NON_LITERAL_NULL_CONVERSION = YES;
				CLANG_WARN_OBJC_LITERAL_CONVERSION = YES;
				CLANG_WARN_OBJC_ROOT_CLASS = YES_ERROR;
				CLANG_WARN_RANGE_LOOP_ANALYSIS = YES;
				CLANG_WARN_STRICT_PROTOTYPES = YES;
				CLANG_WARN_SUSPICIOUS_MOVE = YES;
				CLANG_WARN_UNGUARDED_AVAILABILITY = YES_AGGRESSIVE;
				CLANG_WARN_UNREACHABLE_CODE = YES;
				CLANG_WARN__DUPLICATE_METHOD_MATCH = YES;
				CODE_SIGN_IDENTITY = "iPhone Developer";
				COPY_PHASE_STRIP = NO;
				DEBUG_INFORMATION_FORMAT = dwarf;
				ENABLE_STRICT_OBJC_MSGSEND = YES;
				ENABLE_TESTABILITY = YES;
				GCC_C_LANGUAGE_STANDARD = gnu11;
				GCC_DYNAMIC_NO_PIC = NO;
				GCC_NO_COMMON_BLOCKS = YES;
				GCC_OPTIMIZATION_LEVEL = 0;
				GCC_PREPROCESSOR_DEFINITIONS = (
					"DEBUG=1",
					"$(inherited)",
				);
				GCC_WARN_64_TO_32_BIT_CONVERSION = YES;
				GCC_WARN_ABOUT_RETURN_TYPE = YES_ERROR;
				GCC_WARN_UNDECLARED_SELECTOR = YES;
				GCC_WARN_UNINITIALIZED_AUTOS = YES_AGGRESSIVE;
				GCC_WARN_UNUSED_FUNCTION = YES;
				GCC_WARN_UNUSED_VARIABLE = YES;
				IPHONEOS_DEPLOYMENT_TARGET = 11.2;
				MTL_ENABLE_DEBUG_INFO = YES;
				ONLY_ACTIVE_ARCH = YES;
				SDKROOT = iphoneos;
				SWIFT_ACTIVE_COMPILATION_CONDITIONS = DEBUG;
				SWIFT_OPTIMIZATION_LEVEL = "-Onone";
			};
			name = Debug;
		};
		12AF553623581FF800E2B814 /* Release */ = {
			isa = XCBuildConfiguration;
			buildSettings = {
				ALWAYS_SEARCH_USER_PATHS = NO;
				CLANG_ANALYZER_NONNULL = YES;
				CLANG_ANALYZER_NUMBER_OBJECT_CONVERSION = YES_AGGRESSIVE;
				CLANG_CXX_LANGUAGE_STANDARD = "gnu++14";
				CLANG_CXX_LIBRARY = "libc++";
				CLANG_ENABLE_MODULES = YES;
				CLANG_ENABLE_OBJC_ARC = YES;
				CLANG_WARN_BLOCK_CAPTURE_AUTORELEASING = YES;
				CLANG_WARN_BOOL_CONVERSION = YES;
				CLANG_WARN_COMMA = YES;
				CLANG_WARN_CONSTANT_CONVERSION = YES;
				CLANG_WARN_DIRECT_OBJC_ISA_USAGE = YES_ERROR;
				CLANG_WARN_DOCUMENTATION_COMMENTS = YES;
				CLANG_WARN_EMPTY_BODY = YES;
				CLANG_WARN_ENUM_CONVERSION = YES;
				CLANG_WARN_INFINITE_RECURSION = YES;
				CLANG_WARN_INT_CONVERSION = YES;
				CLANG_WARN_NON_LITERAL_NULL_CONVERSION = YES;
				CLANG_WARN_OBJC_LITERAL_CONVERSION = YES;
				CLANG_WARN_OBJC_ROOT_CLASS = YES_ERROR;
				CLANG_WARN_RANGE_LOOP_ANALYSIS = YES;
				CLANG_WARN_STRICT_PROTOTYPES = YES;
				CLANG_WARN_SUSPICIOUS_MOVE = YES;
				CLANG_WARN_UNGUARDED_AVAILABILITY = YES_AGGRESSIVE;
				CLANG_WARN_UNREACHABLE_CODE = YES;
				CLANG_WARN__DUPLICATE_METHOD_MATCH = YES;
				CODE_SIGN_IDENTITY = "iPhone Developer";
				COPY_PHASE_STRIP = NO;
				DEBUG_INFORMATION_FORMAT = "dwarf-with-dsym";
				ENABLE_NS_ASSERTIONS = NO;
				ENABLE_STRICT_OBJC_MSGSEND = YES;
				GCC_C_LANGUAGE_STANDARD = gnu11;
				GCC_NO_COMMON_BLOCKS = YES;
				GCC_WARN_64_TO_32_BIT_CONVERSION = YES;
				GCC_WARN_ABOUT_RETURN_TYPE = YES_ERROR;
				GCC_WARN_UNDECLARED_SELECTOR = YES;
				GCC_WARN_UNINITIALIZED_AUTOS = YES_AGGRESSIVE;
				GCC_WARN_UNUSED_FUNCTION = YES;
				GCC_WARN_UNUSED_VARIABLE = YES;
				IPHONEOS_DEPLOYMENT_TARGET = 11.2;
				MTL_ENABLE_DEBUG_INFO = NO;
				SDKROOT = iphoneos;
				SWIFT_OPTIMIZATION_LEVEL = "-Owholemodule";
				VALIDATE_PRODUCT = YES;
			};
			name = Release;
		};
		12AF553823581FF800E2B814 /* Debug */ = {
			isa = XCBuildConfiguration;
			buildSettings = {
				ASSETCATALOG_COMPILER_APPICON_NAME = AppIcon;
				CODE_SIGN_STYLE = Automatic;
				DEVELOPMENT_TEAM = 3X3F9P5749;
				INFOPLIST_FILE = MyStoreApp2/Info.plist;
				LD_RUNPATH_SEARCH_PATHS = "$(inherited) @executable_path/Frameworks";
				PRODUCT_BUNDLE_IDENTIFIER = com.galosoft.MyStoreApp2;
				PRODUCT_NAME = "$(TARGET_NAME)";
				SWIFT_VERSION = 4.0;
				TARGETED_DEVICE_FAMILY = "1,2";
			};
			name = Debug;
		};
		12AF553923581FF800E2B814 /* Release */ = {
			isa = XCBuildConfiguration;
			buildSettings = {
				ASSETCATALOG_COMPILER_APPICON_NAME = AppIcon;
				CODE_SIGN_STYLE = Automatic;
				DEVELOPMENT_TEAM = 3X3F9P5749;
				INFOPLIST_FILE = MyStoreApp2/Info.plist;
				LD_RUNPATH_SEARCH_PATHS = "$(inherited) @executable_path/Frameworks";
				PRODUCT_BUNDLE_IDENTIFIER = com.galosoft.MyStoreApp2;
				PRODUCT_NAME = "$(TARGET_NAME)";
				SWIFT_VERSION = 4.0;
				TARGETED_DEVICE_FAMILY = "1,2";
			};
			name = Release;
		};
/* End XCBuildConfiguration section */

/* Begin XCConfigurationList section */
		12AF551D23581FF700E2B814 /* Build configuration list for PBXProject "MyStoreApp2" */ = {
			isa = XCConfigurationList;
			buildConfigurations = (
				12AF553523581FF800E2B814 /* Debug */,
				12AF553623581FF800E2B814 /* Release */,
			);
			defaultConfigurationIsVisible = 0;
			defaultConfigurationName = Release;
		};
		12AF553723581FF800E2B814 /* Build configuration list for PBXNativeTarget "MyStoreApp2" */ = {
			isa = XCConfigurationList;
			buildConfigurations = (
				12AF553823581FF800E2B814 /* Debug */,
				12AF553923581FF800E2B814 /* Release */,
			);
			defaultConfigurationIsVisible = 0;
			defaultConfigurationName = Release;
		};
/* End XCConfigurationList section */

/* Begin XCVersionGroup section */
		12AF552C23581FF800E2B814 /* MyStoreApp2.xcdatamodeld */ = {
			isa = XCVersionGroup;
			children = (
				12AF552D23581FF800E2B814 /* MyStoreApp2.xcdatamodel */,
			);
			currentVersion = 12AF552D23581FF800E2B814 /* MyStoreApp2.xcdatamodel */;
			path = MyStoreApp2.xcdatamodeld;
			sourceTree = "<group>";
			versionGroupType = wrapper.xcdatamodel;
		};
/* End XCVersionGroup section */
	};
	rootObject = 12AF551A23581FF700E2B814 /* Project object */;
}
